<?xml version="1.0" encoding="utf-8"?>
<Project ToolsVersion="4.0" xmlns="http://schemas.microsoft.com/developer/msbuild/2003">
  <ItemGroup>
    <Filter Include="Source Files">
      <UniqueIdentifier>{3b3b00f6-b8f9-4fe8-bb70-882b4c72f79f}</UniqueIdentifier>
      <Extensions>cpp;c;cxx;rc;def;r;odl;idl;hpj;bat</Extensions>
    </Filter>
    <Filter Include="Header Files">
      <UniqueIdentifier>{f956cf33-0f73-415b-83b1-b013a0ea5491}</UniqueIdentifier>
      <Extensions>h;hpp;hxx;hm;inl</Extensions>
    </Filter>
    <Filter Include="Resource Files">
      <UniqueIdentifier>{b17c08fc-8ca7-4cd3-ae0c-0897ccb84d3f}</UniqueIdentifier>
      <Extensions>ico;cur;bmp;dlg;rc2;rct;bin;rgs;gif;jpg;jpeg;jpe</Extensions>
    </Filter>
  </ItemGroup>
  <ItemGroup>
    <ClCompile Include="..\..\base64.c">
      <Filter>Source Files</Filter>
    </ClCompile>
    <ClCompile Include="..\..\buf.c">
      <Filter>Source Files</Filter>
    </ClCompile>
    <ClCompile Include="..\..\checksum.c">
      <Filter>Source Files</Filter>
    </ClCompile>
    <ClCompile Include="..\..\command.c">
      <Filter>Source Files</Filter>
    </ClCompile>
    <ClCompile Include="..\..\delta.c">
      <Filter>Source Files</Filter>
    </ClCompile>
    <ClCompile Include="..\..\emit.c">
      <Filter>Source Files</Filter>
    </ClCompile>
    <ClCompile Include="..\..\fileutil.c">
      <Filter>Source Files</Filter>
    </ClCompile>
    <ClCompile Include="..\..\hex.c">
      <Filter>Source Files</Filter>
    </ClCompile>
    <ClCompile Include="..\..\isprefix.c">
      <Filter>Source Files</Filter>
    </ClCompile>
    <ClCompile Include="..\..\job.c">
      <Filter>Source Files</Filter>
    </ClCompile>
    <ClCompile Include="..\..\mdfour.c">
      <Filter>Source Files</Filter>
    </ClCompile>
    <ClCompile Include="..\..\mksum.c">
      <Filter>Source Files</Filter>
    </ClCompile>
    <ClCompile Include="..\..\msg.c">
      <Filter>Source Files</Filter>
    </ClCompile>
    <ClCompile Include="..\..\netint.c">
      <Filter>Source Files</Filter>
    </ClCompile>
    <ClCompile Include="..\..\patch.c">
      <Filter>Source Files</Filter>
    </ClCompile>
    <ClCompile Include="..\..\popt\popt.c">
      <Filter>Source Files</Filter>
    </ClCompile>
    <ClCompile Include="..\..\popt\poptconfig.c">
      <Filter>Source Files</Filter>
    </ClCompile>
    <ClCompile Include="..\..\popt\popthelp.c">
      <Filter>Source Files</Filter>
    </ClCompile>
    <ClCompile Include="..\..\popt\poptparse.c">
      <Filter>Source Files</Filter>
    </ClCompile>
    <ClCompile Include="..\..\prototab.c">
      <Filter>Source Files</Filter>
    </ClCompile>
    <ClCompile Include="..\..\readsums.c">
      <Filter>Source Files</Filter>
    </ClCompile>
    <ClCompile Include="..\..\scoop.c">
      <Filter>Source Files</Filter>
    </ClCompile>
    <ClCompile Include="..\..\search.c">
      <Filter>Source Files</Filter>
    </ClCompile>
    <ClCompile Include="..\..\stats.c">
      <Filter>Source Files</Filter>
    </ClCompile>
    <ClCompile Include="..\..\stream.c">
      <Filter>Source Files</Filter>
    </ClCompile>
    <ClCompile Include="..\..\sumset.c">
      <Filter>Source Files</Filter>
    </ClCompile>
    <ClCompile Include="..\..\trace.c">
      <Filter>Source Files</Filter>
    </ClCompile>
    <ClCompile Include="..\..\tube.c">
      <Filter>Source Files</Filter>
    </ClCompile>
    <ClCompile Include="..\..\util.c">
      <Filter>Source Files</Filter>
    </ClCompile>
    <ClCompile Include="..\..\version.c">
      <Filter>Source Files</Filter>
    </ClCompile>
    <ClCompile Include="..\..\whole.c">
      <Filter>Source Files</Filter>
    </ClCompile>
    <ClCompile Include="..\..\popt\findme.c">
      <Filter>Source Files</Filter>
    </ClCompile>
    <ClCompile Include="..\..\rollsum.c">
      <Filter>Source Files</Filter>
    </ClCompile>
    <ClCompile Include="..\blake2b-ref.c">
      <Filter>Source Files</Filter>
    </ClCompile>
    <ClCompile Include="..\..\rdiff.c">
      <Filter>Source Files</Filter>
    </ClCompile>
  </ItemGroup>
  <ItemGroup>
    <ClInclude Include="..\..\acconfig.h">
      <Filter>Header Files</Filter>
    </ClInclude>
    <ClInclude Include="..\..\buf.h">
      <Filter>Header Files</Filter>
    </ClInclude>
    <ClInclude Include="..\..\checksum.h">
      <Filter>Header Files</Filter>
    </ClInclude>
    <ClInclude Include="..\..\command.h">
      <Filter>Header Files</Filter>
    </ClInclude>
    <ClInclude Include="..\..\emit.h">
      <Filter>Header Files</Filter>
    </ClInclude>
    <ClInclude Include="..\..\fileutil.h">
      <Filter>Header Files</Filter>
    </ClInclude>
    <ClInclude Include="..\..\popt\findme.h">
      <Filter>Header Files</Filter>
    </ClInclude>
    <ClInclude Include="..\..\isprefix.h">
      <Filter>Header Files</Filter>
    </ClInclude>
    <ClInclude Include="..\..\job.h">
      <Filter>Header Files</Filter>
    </ClInclude>
    <ClInclude Include="..\..\librsync.h">
      <Filter>Header Files</Filter>
    </ClInclude>
    <ClInclude Include="..\..\netint.h">
      <Filter>Header Files</Filter>
    </ClInclude>
    <ClInclude Include="..\..\popt\popt.h">
      <Filter>Header Files</Filter>
    </ClInclude>
    <ClInclude Include="..\..\popt\poptint.h">
      <Filter>Header Files</Filter>
    </ClInclude>
    <ClInclude Include="..\..\protocol.h">
      <Filter>Header Files</Filter>
    </ClInclude>
    <ClInclude Include="..\..\prototab.h">
      <Filter>Header Files</Filter>
    </ClInclude>
    <ClInclude Include="..\..\search.h">
      <Filter>Header Files</Filter>
    </ClInclude>
    <ClInclude Include="..\..\snprintf.h">
      <Filter>Header Files</Filter>
    </ClInclude>
    <ClInclude Include="..\..\stream.h">
      <Filter>Header Files</Filter>
    </ClInclude>
    <ClInclude Include="..\..\sumset.h">
      <Filter>Header Files</Filter>
    </ClInclude>
    <ClInclude Include="..\..\popt\system.h">
      <Filter>Header Files</Filter>
    </ClInclude>
    <ClInclude Include="..\..\trace.h">
      <Filter>Header Files</Filter>
    </ClInclude>
    <ClInclude Include="..\..\types.h">
      <Filter>Header Files</Filter>
    </ClInclude>
    <ClInclude Include="..\..\util.h">
      <Filter>Header Files</Filter>
    </ClInclude>
    <ClInclude Include="..\..\whole.h">
      <Filter>Header Files</Filter>
    </ClInclude>
    <ClInclude Include="..\visualstudio.h">
      <Filter>Header Files</Filter>
    </ClInclude>
    <ClInclude Include="..\blake2.h">
      <Filter>Header Files</Filter>
    </ClInclude>
    <ClInclude Include="..\blake2-impl.h">
      <Filter>Header Files</Filter>
    </ClInclude>
    <ClInclude Include="..\config.h">
      <Filter>Header Files</Filter>
    </ClInclude>
    <ClInclude Include="..\librsync-config.h">
      <Filter>Header Files</Filter>
    </ClInclude>
  </ItemGroup>
</Project>